
Microsoft Visual Studio Solution File, Format Version 12.00
# Visual Studio 15
VisualStudioVersion = 15.0.27130.2010
MinimumVisualStudioVersion = 10.0.40219.1
Project("{FAE04EC0-301F-11D3-BF4B-00C04F79EFBC}") = "FoodRestaurant", "FoodRestaurant\FoodRestaurant.csproj", "{6DA267D2-ECCE-46C7-89FF-8401A6251204}"
EndProject
Global
	GlobalSection(SolutionConfigurationPlatforms) = preSolution
		Debug|Any CPU = Debug|Any CPU
		Release|Any CPU = Release|Any CPU
	EndGlobalSection
	GlobalSection(ProjectConfigurationPlatforms) = postSolution
		{6DA267D2-ECCE-46C7-89FF-8401A6251204}.Debug|Any CPU.ActiveCfg = Debug|Any CPU
		{6DA267D2-ECCE-46C7-89FF-8401A6251204}.Debug|Any CPU.Build.0 = Debug|Any CPU
		{6DA267D2-ECCE-46C7-89FF-8401A6251204}.Release|Any CPU.ActiveCfg = Release|Any CPU
		{6DA267D2-ECCE-46C7-89FF-8401A6251204}.Release|Any CPU.Build.0 = Release|Any CPU
	EndGlobalSection
	GlobalSection(SolutionProperties) = preSolution
		HideSolutionNode = FALSE
	EndGlobalSection
	GlobalSection(ExtensibilityGlobals) = postSolution
		SolutionGuid = {320A29C5-B5C1-42AB-AA36-5ECAA8B1BC7E}
	EndGlobalSection
EndGlobal
